
Microsoft Visual Studio Solution File, Format Version 12.00
# Visual Studio Version 17
VisualStudioVersion = 17.5.33103.201
MinimumVisualStudioVersion = 10.0.40219.1
Project("{FAE04EC0-301F-11D3-BF4B-00C04F79EFBC}") = "PortableExecutable", "PortableExecutable.csproj", "{B6E1019D-97E8-4DF6-B85D-17F522203175}"
EndProject
Global
	GlobalSection(SolutionConfigurationPlatforms) = preSolution
		Debug|Any CPU = Debug|Any CPU
		Release|Any CPU = Release|Any CPU
	EndGlobalSection
	GlobalSection(ProjectConfigurationPlatforms) = postSolution
		{B6E1019D-97E8-4DF6-B85D-17F522203175}.Debug|Any CPU.ActiveCfg = Debug|Any CPU
		{B6E1019D-97E8-4DF6-B85D-17F522203175}.Debug|Any CPU.Build.0 = Debug|Any CPU
		{B6E1019D-97E8-4DF6-B85D-17F522203175}.Release|Any CPU.ActiveCfg = Release|Any CPU
		{B6E1019D-97E8-4DF6-B85D-17F522203175}.Release|Any CPU.Build.0 = Release|Any CPU
	EndGlobalSection
	GlobalSection(SolutionProperties) = preSolution
		HideSolutionNode = FALSE
	EndGlobalSection
	GlobalSection(ExtensibilityGlobals) = postSolution
		SolutionGuid = {7D80F2F5-140E-4A96-9B76-8430E13372F1}
	EndGlobalSection
EndGlobal
